
Microsoft Visual Studio Solution File, Format Version 12.00
# Visual Studio Version 17
VisualStudioVersion = 17.1.32210.238
MinimumVisualStudioVersion = 10.0.40219.1
Project("{9A19103F-16F7-4668-BE54-9A1E7A4F7556}") = "Jhipster.Crosscutting", "Jhipster.Crosscutting\Jhipster.Crosscutting.csproj", "{6D1D50BB-24AD-4282-A34A-466A338EED47}"
EndProject
Project("{9A19103F-16F7-4668-BE54-9A1E7A4F7556}") = "Jhipster.Domain", "Jhipster.Domain\Jhipster.Domain.csproj", "{DDE64B86-8532-4A99-9875-1A505E14E6AE}"
EndProject
Project("{9A19103F-16F7-4668-BE54-9A1E7A4F7556}") = "Jhipster.Dto", "Jhipster.Dto\Jhipster.Dto.csproj", "{BBCC440E-DBDE-4667-9695-30BCA5F137D6}"
EndProject
Project("{9A19103F-16F7-4668-BE54-9A1E7A4F7556}") = "Jhipster.Domain.Services", "Jhipster.Domain.Services\Jhipster.Domain.Services.csproj", "{E2A9263D-6C13-4C9D-A546-5F1E7BC438E2}"
EndProject
Project("{9A19103F-16F7-4668-BE54-9A1E7A4F7556}") = "Jhipster.Infrastructure", "Jhipster.Infrastructure\Jhipster.Infrastructure.csproj", "{3A28E777-70EE-4114-A57A-974C728BFE72}"
EndProject
Project("{9A19103F-16F7-4668-BE54-9A1E7A4F7556}") = "Jhipster", "Jhipster\Jhipster.csproj", "{EF05D011-6E1C-4A49-9DE2-ABE29A7BA260}"
EndProject
Project("{2150E333-8FDC-42A3-9474-1A3956D46DE8}") = "Modular", "Modular", "{8C065206-E6A2-4497-8BE6-7D911B3C3E72}"
EndProject
Project("{2150E333-8FDC-42A3-9474-1A3956D46DE8}") = "PostManagement", "PostManagement", "{EBA0583A-8776-4277-ABA2-12E2DC08F003}"
EndProject
Project("{2150E333-8FDC-42A3-9474-1A3956D46DE8}") = "WalletManagement", "WalletManagement", "{C09B1690-E34F-4978-B21A-CAA4C13CA1B9}"
EndProject
Project("{FAE04EC0-301F-11D3-BF4B-00C04F79EFBC}") = "Post.Application", "Jhipster.Module\PostManagement\Post.Application\Post.Application.csproj", "{3961EE2D-5113-4FB3-8E7B-5D9C2218A81B}"
EndProject
Project("{FAE04EC0-301F-11D3-BF4B-00C04F79EFBC}") = "Post.Domain", "Jhipster.Module\PostManagement\Post.Domain\Post.Domain.csproj", "{1358BBBD-D533-47E0-9117-73782AB66195}"
EndProject
Project("{FAE04EC0-301F-11D3-BF4B-00C04F79EFBC}") = "Post.Infrastructure", "Jhipster.Module\PostManagement\Post.Infrastructure\Post.Infrastructure.csproj", "{938D8200-301F-41DD-B84F-F12FBF5B8056}"
EndProject
Project("{FAE04EC0-301F-11D3-BF4B-00C04F79EFBC}") = "Post.Shared", "Jhipster.Module\PostManagement\Post.Shared\Post.Shared.csproj", "{EE0F6AB5-EF80-4F29-9A13-CD9A1A3D4D71}"
EndProject
Project("{FAE04EC0-301F-11D3-BF4B-00C04F79EFBC}") = "Wallet.Application", "Jhipster.Module\WalletManagement\Wallet.Application\Wallet.Application.csproj", "{DFE1CDBD-31FA-4CDD-9B93-CE76825136CB}"
EndProject
Project("{FAE04EC0-301F-11D3-BF4B-00C04F79EFBC}") = "Wallet.Infrastructure", "Jhipster.Module\WalletManagement\Wallet.Infrastructure\Wallet.Infrastructure.csproj", "{60B715D5-7C28-4C24-9BDE-AF46BEBFE604}"
EndProject
Project("{FAE04EC0-301F-11D3-BF4B-00C04F79EFBC}") = "Wallet.Domain", "Jhipster.Module\WalletManagement\Wallet.Domain\Wallet.Domain.csproj", "{173353C2-282F-4F7A-AF91-2429254679D9}"
EndProject
Project("{FAE04EC0-301F-11D3-BF4B-00C04F79EFBC}") = "Wallet.Shared", "Jhipster.Module\WalletManagement\Wallet.Shared\Wallet.Shared.csproj", "{3A29C1CE-5046-490F-B0C8-E7F02A7C5A7B}"
EndProject
Project("{FAE04EC0-301F-11D3-BF4B-00C04F79EFBC}") = "Wallet", "Jhipster.Module\WalletManagement\Wallet\Wallet.csproj", "{5654F94E-E9F1-4D7D-8774-5D2B3F3D2B1E}"
EndProject
Project("{FAE04EC0-301F-11D3-BF4B-00C04F79EFBC}") = "Post", "Jhipster.Module\PostManagement\Post\Post.csproj", "{6E51F4AA-556B-405B-ADA0-0B3A69C63F28}"
EndProject
Global
	GlobalSection(SolutionConfigurationPlatforms) = preSolution
		Debug|Any CPU = Debug|Any CPU
		Release|Any CPU = Release|Any CPU
	EndGlobalSection
	GlobalSection(ProjectConfigurationPlatforms) = postSolution
		{6D1D50BB-24AD-4282-A34A-466A338EED47}.Debug|Any CPU.ActiveCfg = Debug|Any CPU
		{6D1D50BB-24AD-4282-A34A-466A338EED47}.Debug|Any CPU.Build.0 = Debug|Any CPU
		{6D1D50BB-24AD-4282-A34A-466A338EED47}.Release|Any CPU.ActiveCfg = Release|Any CPU
		{6D1D50BB-24AD-4282-A34A-466A338EED47}.Release|Any CPU.Build.0 = Release|Any CPU
		{DDE64B86-8532-4A99-9875-1A505E14E6AE}.Debug|Any CPU.ActiveCfg = Debug|Any CPU
		{DDE64B86-8532-4A99-9875-1A505E14E6AE}.Debug|Any CPU.Build.0 = Debug|Any CPU
		{DDE64B86-8532-4A99-9875-1A505E14E6AE}.Release|Any CPU.ActiveCfg = Release|Any CPU
		{DDE64B86-8532-4A99-9875-1A505E14E6AE}.Release|Any CPU.Build.0 = Release|Any CPU
		{BBCC440E-DBDE-4667-9695-30BCA5F137D6}.Debug|Any CPU.ActiveCfg = Debug|Any CPU
		{BBCC440E-DBDE-4667-9695-30BCA5F137D6}.Debug|Any CPU.Build.0 = Debug|Any CPU
		{BBCC440E-DBDE-4667-9695-30BCA5F137D6}.Release|Any CPU.ActiveCfg = Release|Any CPU
		{BBCC440E-DBDE-4667-9695-30BCA5F137D6}.Release|Any CPU.Build.0 = Release|Any CPU
		{E2A9263D-6C13-4C9D-A546-5F1E7BC438E2}.Debug|Any CPU.ActiveCfg = Debug|Any CPU
		{E2A9263D-6C13-4C9D-A546-5F1E7BC438E2}.Debug|Any CPU.Build.0 = Debug|Any CPU
		{E2A9263D-6C13-4C9D-A546-5F1E7BC438E2}.Release|Any CPU.ActiveCfg = Release|Any CPU
		{E2A9263D-6C13-4C9D-A546-5F1E7BC438E2}.Release|Any CPU.Build.0 = Release|Any CPU
		{3A28E777-70EE-4114-A57A-974C728BFE72}.Debug|Any CPU.ActiveCfg = Debug|Any CPU
		{3A28E777-70EE-4114-A57A-974C728BFE72}.Debug|Any CPU.Build.0 = Debug|Any CPU
		{3A28E777-70EE-4114-A57A-974C728BFE72}.Release|Any CPU.ActiveCfg = Release|Any CPU
		{3A28E777-70EE-4114-A57A-974C728BFE72}.Release|Any CPU.Build.0 = Release|Any CPU
		{EF05D011-6E1C-4A49-9DE2-ABE29A7BA260}.Debug|Any CPU.ActiveCfg = Debug|Any CPU
		{EF05D011-6E1C-4A49-9DE2-ABE29A7BA260}.Debug|Any CPU.Build.0 = Debug|Any CPU
		{EF05D011-6E1C-4A49-9DE2-ABE29A7BA260}.Release|Any CPU.ActiveCfg = Release|Any CPU
		{EF05D011-6E1C-4A49-9DE2-ABE29A7BA260}.Release|Any CPU.Build.0 = Release|Any CPU
		{1C159DC7-8A7D-4DE3-9E2F-250EC5418ED7}.Debug|Any CPU.ActiveCfg = Debug|Any CPU
		{1C159DC7-8A7D-4DE3-9E2F-250EC5418ED7}.Debug|Any CPU.Build.0 = Debug|Any CPU
		{1C159DC7-8A7D-4DE3-9E2F-250EC5418ED7}.Release|Any CPU.ActiveCfg = Release|Any CPU
		{1C159DC7-8A7D-4DE3-9E2F-250EC5418ED7}.Release|Any CPU.Build.0 = Release|Any CPU
		{B4AFD78E-8453-4D94-A8FD-4A7DB7ED73BA}.Debug|Any CPU.ActiveCfg = Debug|Any CPU
		{B4AFD78E-8453-4D94-A8FD-4A7DB7ED73BA}.Debug|Any CPU.Build.0 = Debug|Any CPU
		{B4AFD78E-8453-4D94-A8FD-4A7DB7ED73BA}.Release|Any CPU.ActiveCfg = Release|Any CPU
		{B4AFD78E-8453-4D94-A8FD-4A7DB7ED73BA}.Release|Any CPU.Build.0 = Release|Any CPU
		{2C0AF53D-E5ED-4100-B887-E7945C8BB852}.Debug|Any CPU.ActiveCfg = Debug|Any CPU
		{2C0AF53D-E5ED-4100-B887-E7945C8BB852}.Debug|Any CPU.Build.0 = Debug|Any CPU
		{2C0AF53D-E5ED-4100-B887-E7945C8BB852}.Release|Any CPU.ActiveCfg = Release|Any CPU
		{2C0AF53D-E5ED-4100-B887-E7945C8BB852}.Release|Any CPU.Build.0 = Release|Any CPU
		{0D117538-F47C-46FD-ADB5-B7EAC11095E8}.Debug|Any CPU.ActiveCfg = Debug|Any CPU
		{0D117538-F47C-46FD-ADB5-B7EAC11095E8}.Debug|Any CPU.Build.0 = Debug|Any CPU
		{0D117538-F47C-46FD-ADB5-B7EAC11095E8}.Release|Any CPU.ActiveCfg = Release|Any CPU
		{0D117538-F47C-46FD-ADB5-B7EAC11095E8}.Release|Any CPU.Build.0 = Release|Any CPU
		{51242381-5BD1-4F77-9A42-D9DD550B2C8F}.Debug|Any CPU.ActiveCfg = Debug|Any CPU
		{51242381-5BD1-4F77-9A42-D9DD550B2C8F}.Debug|Any CPU.Build.0 = Debug|Any CPU
		{51242381-5BD1-4F77-9A42-D9DD550B2C8F}.Release|Any CPU.ActiveCfg = Release|Any CPU
		{51242381-5BD1-4F77-9A42-D9DD550B2C8F}.Release|Any CPU.Build.0 = Release|Any CPU
		{3961EE2D-5113-4FB3-8E7B-5D9C2218A81B}.Debug|Any CPU.ActiveCfg = Debug|Any CPU
		{3961EE2D-5113-4FB3-8E7B-5D9C2218A81B}.Debug|Any CPU.Build.0 = Debug|Any CPU
		{3961EE2D-5113-4FB3-8E7B-5D9C2218A81B}.Release|Any CPU.ActiveCfg = Release|Any CPU
		{3961EE2D-5113-4FB3-8E7B-5D9C2218A81B}.Release|Any CPU.Build.0 = Release|Any CPU
		{1358BBBD-D533-47E0-9117-73782AB66195}.Debug|Any CPU.ActiveCfg = Debug|Any CPU
		{1358BBBD-D533-47E0-9117-73782AB66195}.Debug|Any CPU.Build.0 = Debug|Any CPU
		{1358BBBD-D533-47E0-9117-73782AB66195}.Release|Any CPU.ActiveCfg = Release|Any CPU
		{1358BBBD-D533-47E0-9117-73782AB66195}.Release|Any CPU.Build.0 = Release|Any CPU
		{938D8200-301F-41DD-B84F-F12FBF5B8056}.Debug|Any CPU.ActiveCfg = Debug|Any CPU
		{938D8200-301F-41DD-B84F-F12FBF5B8056}.Debug|Any CPU.Build.0 = Debug|Any CPU
		{938D8200-301F-41DD-B84F-F12FBF5B8056}.Release|Any CPU.ActiveCfg = Release|Any CPU
		{938D8200-301F-41DD-B84F-F12FBF5B8056}.Release|Any CPU.Build.0 = Release|Any CPU
		{EE0F6AB5-EF80-4F29-9A13-CD9A1A3D4D71}.Debug|Any CPU.ActiveCfg = Debug|Any CPU
		{EE0F6AB5-EF80-4F29-9A13-CD9A1A3D4D71}.Debug|Any CPU.Build.0 = Debug|Any CPU
		{EE0F6AB5-EF80-4F29-9A13-CD9A1A3D4D71}.Release|Any CPU.ActiveCfg = Release|Any CPU
		{EE0F6AB5-EF80-4F29-9A13-CD9A1A3D4D71}.Release|Any CPU.Build.0 = Release|Any CPU
		{DFE1CDBD-31FA-4CDD-9B93-CE76825136CB}.Debug|Any CPU.ActiveCfg = Debug|Any CPU
		{DFE1CDBD-31FA-4CDD-9B93-CE76825136CB}.Debug|Any CPU.Build.0 = Debug|Any CPU
		{DFE1CDBD-31FA-4CDD-9B93-CE76825136CB}.Release|Any CPU.ActiveCfg = Release|Any CPU
		{DFE1CDBD-31FA-4CDD-9B93-CE76825136CB}.Release|Any CPU.Build.0 = Release|Any CPU
		{60B715D5-7C28-4C24-9BDE-AF46BEBFE604}.Debug|Any CPU.ActiveCfg = Debug|Any CPU
		{60B715D5-7C28-4C24-9BDE-AF46BEBFE604}.Debug|Any CPU.Build.0 = Debug|Any CPU
		{60B715D5-7C28-4C24-9BDE-AF46BEBFE604}.Release|Any CPU.ActiveCfg = Release|Any CPU
		{60B715D5-7C28-4C24-9BDE-AF46BEBFE604}.Release|Any CPU.Build.0 = Release|Any CPU
		{173353C2-282F-4F7A-AF91-2429254679D9}.Debug|Any CPU.ActiveCfg = Debug|Any CPU
		{173353C2-282F-4F7A-AF91-2429254679D9}.Debug|Any CPU.Build.0 = Debug|Any CPU
		{173353C2-282F-4F7A-AF91-2429254679D9}.Release|Any CPU.ActiveCfg = Release|Any CPU
		{173353C2-282F-4F7A-AF91-2429254679D9}.Release|Any CPU.Build.0 = Release|Any CPU
		{3A29C1CE-5046-490F-B0C8-E7F02A7C5A7B}.Debug|Any CPU.ActiveCfg = Debug|Any CPU
		{3A29C1CE-5046-490F-B0C8-E7F02A7C5A7B}.Debug|Any CPU.Build.0 = Debug|Any CPU
		{3A29C1CE-5046-490F-B0C8-E7F02A7C5A7B}.Release|Any CPU.ActiveCfg = Release|Any CPU
		{3A29C1CE-5046-490F-B0C8-E7F02A7C5A7B}.Release|Any CPU.Build.0 = Release|Any CPU
		{5654F94E-E9F1-4D7D-8774-5D2B3F3D2B1E}.Debug|Any CPU.ActiveCfg = Debug|Any CPU
		{5654F94E-E9F1-4D7D-8774-5D2B3F3D2B1E}.Debug|Any CPU.Build.0 = Debug|Any CPU
		{5654F94E-E9F1-4D7D-8774-5D2B3F3D2B1E}.Release|Any CPU.ActiveCfg = Release|Any CPU
		{5654F94E-E9F1-4D7D-8774-5D2B3F3D2B1E}.Release|Any CPU.Build.0 = Release|Any CPU
		{6E51F4AA-556B-405B-ADA0-0B3A69C63F28}.Debug|Any CPU.ActiveCfg = Debug|Any CPU
		{6E51F4AA-556B-405B-ADA0-0B3A69C63F28}.Debug|Any CPU.Build.0 = Debug|Any CPU
		{6E51F4AA-556B-405B-ADA0-0B3A69C63F28}.Release|Any CPU.ActiveCfg = Release|Any CPU
		{6E51F4AA-556B-405B-ADA0-0B3A69C63F28}.Release|Any CPU.Build.0 = Release|Any CPU
	EndGlobalSection
	GlobalSection(SolutionProperties) = preSolution
		HideSolutionNode = FALSE
	EndGlobalSection
	GlobalSection(NestedProjects) = preSolution
		{EBA0583A-8776-4277-ABA2-12E2DC08F003} = {8C065206-E6A2-4497-8BE6-7D911B3C3E72}
		{C09B1690-E34F-4978-B21A-CAA4C13CA1B9} = {8C065206-E6A2-4497-8BE6-7D911B3C3E72}
		{3961EE2D-5113-4FB3-8E7B-5D9C2218A81B} = {EBA0583A-8776-4277-ABA2-12E2DC08F003}
		{1358BBBD-D533-47E0-9117-73782AB66195} = {EBA0583A-8776-4277-ABA2-12E2DC08F003}
		{938D8200-301F-41DD-B84F-F12FBF5B8056} = {EBA0583A-8776-4277-ABA2-12E2DC08F003}
		{EE0F6AB5-EF80-4F29-9A13-CD9A1A3D4D71} = {EBA0583A-8776-4277-ABA2-12E2DC08F003}
		{DFE1CDBD-31FA-4CDD-9B93-CE76825136CB} = {C09B1690-E34F-4978-B21A-CAA4C13CA1B9}
		{60B715D5-7C28-4C24-9BDE-AF46BEBFE604} = {C09B1690-E34F-4978-B21A-CAA4C13CA1B9}
		{173353C2-282F-4F7A-AF91-2429254679D9} = {C09B1690-E34F-4978-B21A-CAA4C13CA1B9}
		{3A29C1CE-5046-490F-B0C8-E7F02A7C5A7B} = {C09B1690-E34F-4978-B21A-CAA4C13CA1B9}
		{5654F94E-E9F1-4D7D-8774-5D2B3F3D2B1E} = {C09B1690-E34F-4978-B21A-CAA4C13CA1B9}
		{6E51F4AA-556B-405B-ADA0-0B3A69C63F28} = {EBA0583A-8776-4277-ABA2-12E2DC08F003}
	EndGlobalSection
	GlobalSection(ExtensibilityGlobals) = postSolution
		SolutionGuid = {E2DCB8E4-F67F-49CF-A2DE-B3F18112BBC3}
	EndGlobalSection
EndGlobal
